
Microsoft Visual Studio Solution File, Format Version 12.00
# Visual Studio Version 16
VisualStudioVersion = 16.0.32106.194
MinimumVisualStudioVersion = 10.0.40219.1
Project("{FAE04EC0-301F-11D3-BF4B-00C04F79EFBC}") = "EmployeeManagementForPolymorphismExample", "EmployeeManagementForPolymorphismExample\EmployeeManagementForPolymorphismExample.csproj", "{B6FE0EB3-7083-4D44-A218-5E4813BF1433}"
EndProject
Global
	GlobalSection(SolutionConfigurationPlatforms) = preSolution
		Debug|Any CPU = Debug|Any CPU
		Release|Any CPU = Release|Any CPU
	EndGlobalSection
	GlobalSection(ProjectConfigurationPlatforms) = postSolution
		{B6FE0EB3-7083-4D44-A218-5E4813BF1433}.Debug|Any CPU.ActiveCfg = Debug|Any CPU
		{B6FE0EB3-7083-4D44-A218-5E4813BF1433}.Debug|Any CPU.Build.0 = Debug|Any CPU
		{B6FE0EB3-7083-4D44-A218-5E4813BF1433}.Release|Any CPU.ActiveCfg = Release|Any CPU
		{B6FE0EB3-7083-4D44-A218-5E4813BF1433}.Release|Any CPU.Build.0 = Release|Any CPU
	EndGlobalSection
	GlobalSection(SolutionProperties) = preSolution
		HideSolutionNode = FALSE
	EndGlobalSection
	GlobalSection(ExtensibilityGlobals) = postSolution
		SolutionGuid = {A5C00C65-C8A5-4C3E-981E-3CA8DCF4F127}
	EndGlobalSection
EndGlobal
